
Microsoft Visual Studio Solution File, Format Version 12.00
# Visual Studio Version 16
VisualStudioVersion = 16.0.31410.357
MinimumVisualStudioVersion = 10.0.40219.1
Project("{FAE04EC0-301F-11D3-BF4B-00C04F79EFBC}") = "StudentManagement", "StudentManagement\StudentManagement.csproj", "{DE599F43-B138-44CF-9200-9554A43165DF}"
EndProject
Global
	GlobalSection(SolutionConfigurationPlatforms) = preSolution
		Debug|Any CPU = Debug|Any CPU
		Release|Any CPU = Release|Any CPU
	EndGlobalSection
	GlobalSection(ProjectConfigurationPlatforms) = postSolution
		{DE599F43-B138-44CF-9200-9554A43165DF}.Debug|Any CPU.ActiveCfg = Debug|Any CPU
		{DE599F43-B138-44CF-9200-9554A43165DF}.Debug|Any CPU.Build.0 = Debug|Any CPU
		{DE599F43-B138-44CF-9200-9554A43165DF}.Release|Any CPU.ActiveCfg = Release|Any CPU
		{DE599F43-B138-44CF-9200-9554A43165DF}.Release|Any CPU.Build.0 = Release|Any CPU
	EndGlobalSection
	GlobalSection(SolutionProperties) = preSolution
		HideSolutionNode = FALSE
	EndGlobalSection
	GlobalSection(ExtensibilityGlobals) = postSolution
		SolutionGuid = {9E636344-4D8A-43F4-813E-B3ABA41C12A6}
	EndGlobalSection
EndGlobal
